dependencies:
- name: nginx-ingress
  repository: https://kubernetes-charts.storage.googleapis.com/
  version: 1.3.1
- name: cert-manager
  repository: https://kubernetes-charts.storage.googleapis.com/
  version: v0.5.2
- name: postgresql
  repository: https://kubernetes-charts.storage.googleapis.com/
  version: 3.16.0
digest: sha256:ed8321f30728521e8b0940221ef3e119013441c63428bbd0da1b7e7efdd7c1dd
generated: 2019-04-02T16:56:18.500524-04:00
